
Microsoft Visual Studio Solution File, Format Version 12.00
# Visual Studio 15
VisualStudioVersion = 15.0.27428.2005
MinimumVisualStudioVersion = 10.0.40219.1
Project("{FAE04EC0-301F-11D3-BF4B-00C04F79EFBC}") = "AspMvcAuthenticationWithAwsCognito", "AspMvcAuthenticationWithAwsCognito\AspMvcAuthenticationWithAwsCognito.csproj", "{93A4F969-186B-46E8-8E15-DD45A95CD99D}"
EndProject
Global
	GlobalSection(SolutionConfigurationPlatforms) = preSolution
		Debug|Any CPU = Debug|Any CPU
		Release|Any CPU = Release|Any CPU
	EndGlobalSection
	GlobalSection(ProjectConfigurationPlatforms) = postSolution
		{93A4F969-186B-46E8-8E15-DD45A95CD99D}.Debug|Any CPU.ActiveCfg = Debug|Any CPU
		{93A4F969-186B-46E8-8E15-DD45A95CD99D}.Debug|Any CPU.Build.0 = Debug|Any CPU
		{93A4F969-186B-46E8-8E15-DD45A95CD99D}.Release|Any CPU.ActiveCfg = Release|Any CPU
		{93A4F969-186B-46E8-8E15-DD45A95CD99D}.Release|Any CPU.Build.0 = Release|Any CPU
	EndGlobalSection
	GlobalSection(SolutionProperties) = preSolution
		HideSolutionNode = FALSE
	EndGlobalSection
	GlobalSection(ExtensibilityGlobals) = postSolution
		SolutionGuid = {D504D393-BF70-48B0-AE54-4A24BFE96C28}
	EndGlobalSection
EndGlobal
